
Microsoft Visual Studio Solution File, Format Version 12.00
# Visual Studio Version 16
VisualStudioVersion = 16.0.29411.108
MinimumVisualStudioVersion = 10.0.40219.1
Project("{9A19103F-16F7-4668-BE54-9A1E7A4F7556}") = "SimpleCalculator", "SimpleCalculator\SimpleCalculator.csproj", "{47A6A824-4A32-4BC4-9D5E-50D70B349A15}"
EndProject
Project("{9A19103F-16F7-4668-BE54-9A1E7A4F7556}") = "WordUnscambler", "WordUnscambler\WordUnscambler.csproj", "{61DA0E8A-96E1-4F7B-A724-BA5A3FCFCA07}"
EndProject
Project("{9A19103F-16F7-4668-BE54-9A1E7A4F7556}") = "WordUnscrambler2.Test.Unit", "WordUnscrambler2.Test.Unit\WordUnscrambler2.Test.Unit.csproj", "{9D0212ED-E808-44D0-9FD0-84420AD07357}"
EndProject
Project("{FAE04EC0-301F-11D3-BF4B-00C04F79EFBC}") = "SimpleWebScraper", "SimpleWebScraper\SimpleWebScraper.csproj", "{C6ACCD42-420E-4DC2-838E-F53EA05B27BE}"
EndProject
Project("{FAE04EC0-301F-11D3-BF4B-00C04F79EFBC}") = "SudokuSolver", "SudokuSolver\SudokuSolver.csproj", "{6003068D-72DB-4955-B4E9-E95CF12F0FC0}"
EndProject
Global
	GlobalSection(SolutionConfigurationPlatforms) = preSolution
		Debug|Any CPU = Debug|Any CPU
		Release|Any CPU = Release|Any CPU
	EndGlobalSection
	GlobalSection(ProjectConfigurationPlatforms) = postSolution
		{47A6A824-4A32-4BC4-9D5E-50D70B349A15}.Debug|Any CPU.ActiveCfg = Debug|Any CPU
		{47A6A824-4A32-4BC4-9D5E-50D70B349A15}.Debug|Any CPU.Build.0 = Debug|Any CPU
		{47A6A824-4A32-4BC4-9D5E-50D70B349A15}.Release|Any CPU.ActiveCfg = Release|Any CPU
		{47A6A824-4A32-4BC4-9D5E-50D70B349A15}.Release|Any CPU.Build.0 = Release|Any CPU
		{61DA0E8A-96E1-4F7B-A724-BA5A3FCFCA07}.Debug|Any CPU.ActiveCfg = Debug|Any CPU
		{61DA0E8A-96E1-4F7B-A724-BA5A3FCFCA07}.Debug|Any CPU.Build.0 = Debug|Any CPU
		{61DA0E8A-96E1-4F7B-A724-BA5A3FCFCA07}.Release|Any CPU.ActiveCfg = Release|Any CPU
		{61DA0E8A-96E1-4F7B-A724-BA5A3FCFCA07}.Release|Any CPU.Build.0 = Release|Any CPU
		{9D0212ED-E808-44D0-9FD0-84420AD07357}.Debug|Any CPU.ActiveCfg = Debug|Any CPU
		{9D0212ED-E808-44D0-9FD0-84420AD07357}.Debug|Any CPU.Build.0 = Debug|Any CPU
		{9D0212ED-E808-44D0-9FD0-84420AD07357}.Release|Any CPU.ActiveCfg = Release|Any CPU
		{9D0212ED-E808-44D0-9FD0-84420AD07357}.Release|Any CPU.Build.0 = Release|Any CPU
		{C6ACCD42-420E-4DC2-838E-F53EA05B27BE}.Debug|Any CPU.ActiveCfg = Debug|Any CPU
		{C6ACCD42-420E-4DC2-838E-F53EA05B27BE}.Debug|Any CPU.Build.0 = Debug|Any CPU
		{C6ACCD42-420E-4DC2-838E-F53EA05B27BE}.Release|Any CPU.ActiveCfg = Release|Any CPU
		{C6ACCD42-420E-4DC2-838E-F53EA05B27BE}.Release|Any CPU.Build.0 = Release|Any CPU
		{6003068D-72DB-4955-B4E9-E95CF12F0FC0}.Debug|Any CPU.ActiveCfg = Debug|Any CPU
		{6003068D-72DB-4955-B4E9-E95CF12F0FC0}.Debug|Any CPU.Build.0 = Debug|Any CPU
		{6003068D-72DB-4955-B4E9-E95CF12F0FC0}.Release|Any CPU.ActiveCfg = Release|Any CPU
		{6003068D-72DB-4955-B4E9-E95CF12F0FC0}.Release|Any CPU.Build.0 = Release|Any CPU
	EndGlobalSection
	GlobalSection(SolutionProperties) = preSolution
		HideSolutionNode = FALSE
	EndGlobalSection
	GlobalSection(ExtensibilityGlobals) = postSolution
		SolutionGuid = {C23F6290-F5CB-45FA-9A13-A7701A67CEFA}
	EndGlobalSection
EndGlobal
